
Microsoft Visual Studio Solution File, Format Version 12.00
# Visual Studio 2012
Project("{FAE04EC0-301F-11D3-BF4B-00C04F79EFBC}") = "GoogleMapClusteringExample", "GoogleMapClusteringExample\GoogleMapClusteringExample.csproj", "{3DF91B14-5E61-4B4A-94AC-CC85B6574339}"
EndProject
Project("{FAE04EC0-301F-11D3-BF4B-00C04F79EFBC}") = "GoogleMapsUtility", "GoogleMapsUtility\GoogleMapsUtility.csproj", "{F38A2B58-0051-4E72-ADF9-9305AD4274A8}"
EndProject
Global
	GlobalSection(SolutionConfigurationPlatforms) = preSolution
		Debug|Any CPU = Debug|Any CPU
		Release|Any CPU = Release|Any CPU
	EndGlobalSection
	GlobalSection(ProjectConfigurationPlatforms) = postSolution
		{3DF91B14-5E61-4B4A-94AC-CC85B6574339}.Debug|Any CPU.ActiveCfg = Debug|Any CPU
		{3DF91B14-5E61-4B4A-94AC-CC85B6574339}.Debug|Any CPU.Build.0 = Debug|Any CPU
		{3DF91B14-5E61-4B4A-94AC-CC85B6574339}.Release|Any CPU.ActiveCfg = Release|Any CPU
		{3DF91B14-5E61-4B4A-94AC-CC85B6574339}.Release|Any CPU.Build.0 = Release|Any CPU
		{F38A2B58-0051-4E72-ADF9-9305AD4274A8}.Debug|Any CPU.ActiveCfg = Debug|Any CPU
		{F38A2B58-0051-4E72-ADF9-9305AD4274A8}.Debug|Any CPU.Build.0 = Debug|Any CPU
		{F38A2B58-0051-4E72-ADF9-9305AD4274A8}.Release|Any CPU.ActiveCfg = Release|Any CPU
		{F38A2B58-0051-4E72-ADF9-9305AD4274A8}.Release|Any CPU.Build.0 = Release|Any CPU
	EndGlobalSection
EndGlobal
